
Microsoft Visual Studio Solution File, Format Version 12.00
# Visual Studio Version 17
VisualStudioVersion = 17.14.36408.4 d17.14
MinimumVisualStudioVersion = 10.0.40219.1
Project("{FAE04EC0-301F-11D3-BF4B-00C04F79EFBC}") = "Avenga.Scaffolded", "Avenga.Scaffolded\Avenga.Scaffolded.csproj", "{0643DE4E-F96F-460E-9524-BC5FA10A689E}"
EndProject
Global
	GlobalSection(SolutionConfigurationPlatforms) = preSolution
		Debug|Any CPU = Debug|Any CPU
		Release|Any CPU = Release|Any CPU
	EndGlobalSection
	GlobalSection(ProjectConfigurationPlatforms) = postSolution
		{0643DE4E-F96F-460E-9524-BC5FA10A689E}.Debug|Any CPU.ActiveCfg = Debug|Any CPU
		{0643DE4E-F96F-460E-9524-BC5FA10A689E}.Debug|Any CPU.Build.0 = Debug|Any CPU
		{0643DE4E-F96F-460E-9524-BC5FA10A689E}.Release|Any CPU.ActiveCfg = Release|Any CPU
		{0643DE4E-F96F-460E-9524-BC5FA10A689E}.Release|Any CPU.Build.0 = Release|Any CPU
	EndGlobalSection
	GlobalSection(SolutionProperties) = preSolution
		HideSolutionNode = FALSE
	EndGlobalSection
	GlobalSection(ExtensibilityGlobals) = postSolution
		SolutionGuid = {4EA435BC-735D-4D2D-877A-23E3D1599EA2}
	EndGlobalSection
EndGlobal
