
Microsoft Visual Studio Solution File, Format Version 12.00
# Visual Studio Version 17
VisualStudioVersion = 17.14.36127.28 d17.14
MinimumVisualStudioVersion = 10.0.40219.1
Project("{FAE04EC0-301F-11D3-BF4B-00C04F79EFBC}") = "Avenga.NotesAndTagsApp", "Avenga.NotesAndTagsApp\Avenga.NotesAndTagsApp.csproj", "{FD1EDD08-FB70-4D81-B0BF-D2C9F2831884}"
EndProject
Global
	GlobalSection(SolutionConfigurationPlatforms) = preSolution
		Debug|Any CPU = Debug|Any CPU
		Release|Any CPU = Release|Any CPU
	EndGlobalSection
	GlobalSection(ProjectConfigurationPlatforms) = postSolution
		{FD1EDD08-FB70-4D81-B0BF-D2C9F2831884}.Debug|Any CPU.ActiveCfg = Debug|Any CPU
		{FD1EDD08-FB70-4D81-B0BF-D2C9F2831884}.Debug|Any CPU.Build.0 = Debug|Any CPU
		{FD1EDD08-FB70-4D81-B0BF-D2C9F2831884}.Release|Any CPU.ActiveCfg = Release|Any CPU
		{FD1EDD08-FB70-4D81-B0BF-D2C9F2831884}.Release|Any CPU.Build.0 = Release|Any CPU
	EndGlobalSection
	GlobalSection(SolutionProperties) = preSolution
		HideSolutionNode = FALSE
	EndGlobalSection
	GlobalSection(ExtensibilityGlobals) = postSolution
		SolutionGuid = {EC88A9B2-FD03-4A9A-B67F-5F9147BCFF25}
	EndGlobalSection
EndGlobal
